
Microsoft Visual Studio Solution File, Format Version 12.00
# Visual Studio 15
VisualStudioVersion = 15.0.28307.705
MinimumVisualStudioVersion = 10.0.40219.1
Project("{FAE04EC0-301F-11D3-BF4B-00C04F79EFBC}") = "ksupizzawebapp", "ksupizzawebapp\ksupizzawebapp.csproj", "{171FC263-4A66-421E-B5BE-9C353D3F51CC}"
EndProject
Project("{FAE04EC0-301F-11D3-BF4B-00C04F79EFBC}") = "ClassLibraryDataAccess", "ClassLibraryDataAccess\ClassLibraryDataAccess.csproj", "{68F6F75B-8A40-4C43-A42A-CF3DE67E3771}"
EndProject
Global
	GlobalSection(SolutionConfigurationPlatforms) = preSolution
		Debug|Any CPU = Debug|Any CPU
		Release|Any CPU = Release|Any CPU
	EndGlobalSection
	GlobalSection(ProjectConfigurationPlatforms) = postSolution
		{171FC263-4A66-421E-B5BE-9C353D3F51CC}.Debug|Any CPU.ActiveCfg = Debug|Any CPU
		{171FC263-4A66-421E-B5BE-9C353D3F51CC}.Debug|Any CPU.Build.0 = Debug|Any CPU
		{171FC263-4A66-421E-B5BE-9C353D3F51CC}.Release|Any CPU.ActiveCfg = Release|Any CPU
		{171FC263-4A66-421E-B5BE-9C353D3F51CC}.Release|Any CPU.Build.0 = Release|Any CPU
		{68F6F75B-8A40-4C43-A42A-CF3DE67E3771}.Debug|Any CPU.ActiveCfg = Debug|Any CPU
		{68F6F75B-8A40-4C43-A42A-CF3DE67E3771}.Debug|Any CPU.Build.0 = Debug|Any CPU
		{68F6F75B-8A40-4C43-A42A-CF3DE67E3771}.Release|Any CPU.ActiveCfg = Release|Any CPU
		{68F6F75B-8A40-4C43-A42A-CF3DE67E3771}.Release|Any CPU.Build.0 = Release|Any CPU
	EndGlobalSection
	GlobalSection(SolutionProperties) = preSolution
		HideSolutionNode = FALSE
	EndGlobalSection
	GlobalSection(ExtensibilityGlobals) = postSolution
		SolutionGuid = {5ADB7D44-4815-42C8-B5AE-972E7A1B3255}
	EndGlobalSection
EndGlobal
